PODS:
  - Alamofire (4.8.2)
  - CoreGPX (0.5.5)
  - ResearchKit (2.0.0)

DEPENDENCIES:
  - Alamofire (= 4.8.2)
  - CoreGPX (from `https://github.com/mishamoe/CoreGPX.git`, branch `gpxtrackpoint-extensions`)
  - ResearchKit (from `https://github.com/ResearchKit/ResearchKit.git`, tag `2.0.0`)

SPEC REPOS:
  https://github.com/cocoapods/specs.git:
    - Alamofire

EXTERNAL SOURCES:
  CoreGPX:
    :branch: gpxtrackpoint-extensions
    :git: https://github.com/mishamoe/CoreGPX.git
  ResearchKit:
    :git: https://github.com/ResearchKit/ResearchKit.git
    :tag: 2.0.0

CHECKOUT OPTIONS:
  CoreGPX:
    :commit: 7fa8248529ae7fc1f30842bf88ff31cc219d7188
    :git: https://github.com/mishamoe/CoreGPX.git
  ResearchKit:
    :git: https://github.com/ResearchKit/ResearchKit.git
    :tag: 2.0.0

SPEC CHECKSUMS:
  Alamofire: ae5c501addb7afdbb13687d7f2f722c78734c2d3
  CoreGPX: 4d0f8f3bae5b405c9e17096d1de5154231c41b5e
  ResearchKit: 335cdf6af390a39f051202b18990a1bcae9d4481

PODFILE CHECKSUM: 285f311c699bccc01fb37d5ed129bba666544c09

COCOAPODS: 1.6.1
